lockfileVersion: '9.0'

settings:
  autoInstallPeers: true
  excludeLinksFromLockfile: false

importers:

  .:
    dependencies:
      '@tauri-apps/plugin-clipboard-manager':
        specifier: ^2.2.0
        version: 2.2.0
      '@tauri-apps/plugin-log':
        specifier: ~2
        version: 2.2.0
      '@tauri-apps/plugin-positioner':
        specifier: ~2
        version: 2.2.0
      '@tauri-apps/plugin-window-state':
        specifier: ~2
        version: 2.2.0
    devDependencies:
      '@tauri-apps/cli':
        specifier: ^2
        version: 2.1.0

packages:

  '@tauri-apps/api@2.1.1':
    resolution: {integrity: sha512-fzUfFFKo4lknXGJq8qrCidkUcKcH2UHhfaaCNt4GzgzGaW2iS26uFOg4tS3H4P8D6ZEeUxtiD5z0nwFF0UN30A==}

  '@tauri-apps/cli-darwin-arm64@2.1.0':
    resolution: {integrity: sha512-ESc6J6CE8hl1yKH2vJ+ALF+thq4Be+DM1mvmTyUCQObvezNCNhzfS6abIUd3ou4x5RGH51ouiANeT3wekU6dCw==}
    engines: {node: '>= 10'}
    cpu: [arm64]
    os: [darwin]

  '@tauri-apps/cli-darwin-x64@2.1.0':
    resolution: {integrity: sha512-TasHS442DFs8cSH2eUQzuDBXUST4ECjCd0yyP+zZzvAruiB0Bg+c8A+I/EnqCvBQ2G2yvWLYG8q/LI7c87A5UA==}
    engines: {node: '>= 10'}
    cpu: [x64]
    os: [darwin]

  '@tauri-apps/cli-linux-arm-gnueabihf@2.1.0':
    resolution: {integrity: sha512-aP7ZBGNL4ny07Cbb6kKpUOSrmhcIK2KhjviTzYlh+pPhAptxnC78xQGD3zKQkTi2WliJLPmBYbOHWWQa57lQ9w==}
    engines: {node: '>= 10'}
    cpu: [arm]
    os: [linux]

  '@tauri-apps/cli-linux-arm64-gnu@2.1.0':
    resolution: {integrity: sha512-ZTdgD5gLeMCzndMT2f358EkoYkZ5T+Qy6zPzU+l5vv5M7dHVN9ZmblNAYYXmoOuw7y+BY4X/rZvHV9pcGrcanQ==}
    engines: {node: '>= 10'}
    cpu: [arm64]
    os: [linux]

  '@tauri-apps/cli-linux-arm64-musl@2.1.0':
    resolution: {integrity: sha512-NzwqjUCilhnhJzusz3d/0i0F1GFrwCQbkwR6yAHUxItESbsGYkZRJk0yMEWkg3PzFnyK4cWTlQJMEU52TjhEzA==}
    engines: {node: '>= 10'}
    cpu: [arm64]
    os: [linux]

  '@tauri-apps/cli-linux-x64-gnu@2.1.0':
    resolution: {integrity: sha512-TyiIpMEtZxNOQmuFyfJwaaYbg3movSthpBJLIdPlKxSAB2BW0VWLY3/ZfIxm/G2YGHyREkjJvimzYE0i37PnMA==}
    engines: {node: '>= 10'}
    cpu: [x64]
    os: [linux]

  '@tauri-apps/cli-linux-x64-musl@2.1.0':
    resolution: {integrity: sha512-/dQd0TlaxBdJACrR72DhynWftzHDaX32eBtS5WBrNJ+nnNb+znM3gON6nJ9tSE9jgDa6n1v2BkI/oIDtypfUXw==}
    engines: {node: '>= 10'}
    cpu: [x64]
    os: [linux]

  '@tauri-apps/cli-win32-arm64-msvc@2.1.0':
    resolution: {integrity: sha512-NdQJO7SmdYqOcE+JPU7bwg7+odfZMWO6g8xF9SXYCMdUzvM2Gv/AQfikNXz5yS7ralRhNFuW32i5dcHlxh4pDg==}
    engines: {node: '>= 10'}
    cpu: [arm64]
    os: [win32]

  '@tauri-apps/cli-win32-ia32-msvc@2.1.0':
    resolution: {integrity: sha512-f5h8gKT/cB8s1ticFRUpNmHqkmaLutT62oFDB7N//2YTXnxst7EpMIn1w+QimxTvTk2gcx6EcW6bEk/y2hZGzg==}
    engines: {node: '>= 10'}
    cpu: [ia32]
    os: [win32]

  '@tauri-apps/cli-win32-x64-msvc@2.1.0':
    resolution: {integrity: sha512-P/+LrdSSb5Xbho1LRP4haBjFHdyPdjWvGgeopL96OVtrFpYnfC+RctB45z2V2XxqFk3HweDDxk266btjttfjGw==}
    engines: {node: '>= 10'}
    cpu: [x64]
    os: [win32]

  '@tauri-apps/cli@2.1.0':
    resolution: {integrity: sha512-K2VhcKqBhAeS5pNOVdnR/xQRU6jwpgmkSL2ejHXcl0m+kaTggT0WRDQnFtPq6NljA7aE03cvwsbCAoFG7vtkJw==}
    engines: {node: '>= 10'}
    hasBin: true

  '@tauri-apps/plugin-clipboard-manager@2.2.0':
    resolution: {integrity: sha512-sIBrW/HioKq2vqomwwcU/Y8ygAv3DlS32yKPBX5XijCc0IyQKiDxYpGqmvE9DC5Y0lNJ/G53dfS961B31wjJ1g==}

  '@tauri-apps/plugin-log@2.2.0':
    resolution: {integrity: sha512-g6CsQAR1lsm5ABSZZxpM/iCn86GrMDTTlhj7GPkZkYBRSm3+WczfOAl7SV7HDn77tOKCzhZffwI5uHfRoHutrw==}

  '@tauri-apps/plugin-positioner@2.2.0':
    resolution: {integrity: sha512-3JIWqV4U1US4nmM4PGmAHODq0ltkJ91MyANR033elKSSpX3AqKnVQnLz76xThBFHjChJrZwsXASpc2Inpu+cTg==}

  '@tauri-apps/plugin-window-state@2.2.0':
    resolution: {integrity: sha512-PFZ/vkZ6UPaRyuggEn8jWc/xwpiEw3Id8i6bin54zUR3vHY0MOK+ovvpvp6SEHKryCJbZMigYJz0OUT2eZ4YmQ==}

snapshots:

  '@tauri-apps/api@2.1.1': {}

  '@tauri-apps/cli-darwin-arm64@2.1.0':
    optional: true

  '@tauri-apps/cli-darwin-x64@2.1.0':
    optional: true

  '@tauri-apps/cli-linux-arm-gnueabihf@2.1.0':
    optional: true

  '@tauri-apps/cli-linux-arm64-gnu@2.1.0':
    optional: true

  '@tauri-apps/cli-linux-arm64-musl@2.1.0':
    optional: true

  '@tauri-apps/cli-linux-x64-gnu@2.1.0':
    optional: true

  '@tauri-apps/cli-linux-x64-musl@2.1.0':
    optional: true

  '@tauri-apps/cli-win32-arm64-msvc@2.1.0':
    optional: true

  '@tauri-apps/cli-win32-ia32-msvc@2.1.0':
    optional: true

  '@tauri-apps/cli-win32-x64-msvc@2.1.0':
    optional: true

  '@tauri-apps/cli@2.1.0':
    optionalDependencies:
      '@tauri-apps/cli-darwin-arm64': 2.1.0
      '@tauri-apps/cli-darwin-x64': 2.1.0
      '@tauri-apps/cli-linux-arm-gnueabihf': 2.1.0
      '@tauri-apps/cli-linux-arm64-gnu': 2.1.0
      '@tauri-apps/cli-linux-arm64-musl': 2.1.0
      '@tauri-apps/cli-linux-x64-gnu': 2.1.0
      '@tauri-apps/cli-linux-x64-musl': 2.1.0
      '@tauri-apps/cli-win32-arm64-msvc': 2.1.0
      '@tauri-apps/cli-win32-ia32-msvc': 2.1.0
      '@tauri-apps/cli-win32-x64-msvc': 2.1.0

  '@tauri-apps/plugin-clipboard-manager@2.2.0':
    dependencies:
      '@tauri-apps/api': 2.1.1

  '@tauri-apps/plugin-log@2.2.0':
    dependencies:
      '@tauri-apps/api': 2.1.1

  '@tauri-apps/plugin-positioner@2.2.0':
    dependencies:
      '@tauri-apps/api': 2.1.1

  '@tauri-apps/plugin-window-state@2.2.0':
    dependencies:
      '@tauri-apps/api': 2.1.1
